// !$*UTF8*$!
{
	archiveVersion = 1;
	classes = {
	};
	objectVersion = 50;
	objects = {

/* Begin PBXBuildFile section */
		105B0B5A25E1E94200527643 /* SwiftUIPdfApp.swift in Sources */ = {isa = PBXBuildFile; fileRef = 105B0B5925E1E94200527643 /* SwiftUIPdfApp.swift */; };
		105B0B5C25E1E94200527643 /* ContentView.swift in Sources */ = {isa = PBXBuildFile; fileRef = 105B0B5B25E1E94200527643 /* ContentView.swift */; };
		105B0B5E25E1E94200527643 /* Assets.xcassets in Resources */ = {isa = PBXBuildFile; fileRef = 105B0B5D25E1E94200527643 /* Assets.xcassets */; };
		105B0B6125E1E94200527643 /* Preview Assets.xcassets in Resources */ = {isa = PBXBuildFile; fileRef = 105B0B6025E1E94200527643 /* Preview Assets.xcassets */; };
		105B0B6C25E1E94200527643 /* SwiftUIPdfTests.swift in Sources */ = {isa = PBXBuildFile; fileRef = 105B0B6B25E1E94200527643 /* SwiftUIPdfTests.swift */; };
		105B0B7725E1E94200527643 /* SwiftUIPdfUITests.swift in Sources */ = {isa = PBXBuildFile; fileRef = 105B0B7625E1E94200527643 /* SwiftUIPdfUITests.swift */; };
		105B0B8925E1E9AD00527643 /* Content.swift in Sources */ = {isa = PBXBuildFile; fileRef = 105B0B8825E1E9AD00527643 /* Content.swift */; };
		105B0B9225E1EC2F00527643 /* PdfCreator.swift in Sources */ = {isa = PBXBuildFile; fileRef = 105B0B9125E1EC2F00527643 /* PdfCreator.swift */; };
		105B0B9825E1F2B600527643 /* PdfViewUI.swift in Sources */ = {isa = PBXBuildFile; fileRef = 105B0B9725E1F2B600527643 /* PdfViewUI.swift */; };
		105B0BA325E1F48A00527643 /* PdfPreviewView.swift in Sources */ = {isa = PBXBuildFile; fileRef = 105B0BA225E1F48A00527643 /* PdfPreviewView.swift */; };
		105B0BAB25E1FC2700527643 /* ContentViewModel.swift in Sources */ = {isa = PBXBuildFile; fileRef = 105B0BAA25E1FC2700527643 /* ContentViewModel.swift */; };
		105B0BB825E23E4A00527643 /* ShareView.swift in Sources */ = {isa = PBXBuildFile; fileRef = 105B0BB725E23E4A00527643 /* ShareView.swift */; };
		105B0BC025E2454B00527643 /* Extensions.swift in Sources */ = {isa = PBXBuildFile; fileRef = 105B0BBF25E2454B00527643 /* Extensions.swift */; };
		105B0BC625E4AA3500527643 /* ViewController.swift in Sources */ = {isa = PBXBuildFile; fileRef = 105B0BC525E4AA3500527643 /* ViewController.swift */; };
		105B0BCB25E4AC0000527643 /* ViewControllerSwiftUIView.swift in Sources */ = {isa = PBXBuildFile; fileRef = 105B0BCA25E4AC0000527643 /* ViewControllerSwiftUIView.swift */; };
		105B0BD025E4AC7D00527643 /* MenuView.swift in Sources */ = {isa = PBXBuildFile; fileRef = 105B0BCF25E4AC7D00527643 /* MenuView.swift */; };
		105B0BD525E87B5E00527643 /* WebView.swift in Sources */ = {isa = PBXBuildFile; fileRef = 105B0BD425E87B5E00527643 /* WebView.swift */; };
/* End PBXBuildFile section */

/* Begin PBXContainerItemProxy section */
		105B0B6825E1E94200527643 /* PBXContainerItemProxy */ = {
			isa = PBXContainerItemProxy;
			containerPortal = 105B0B4E25E1E94200527643 /* Project object */;
			proxyType = 1;
			remoteGlobalIDString = 105B0B5525E1E94200527643;
			remoteInfo = SwiftUIPdf;
		};
		105B0B7325E1E94200527643 /* PBXContainerItemProxy */ = {
			isa = PBXContainerItemProxy;
			containerPortal = 105B0B4E25E1E94200527643 /* Project object */;
			proxyType = 1;
			remoteGlobalIDString = 105B0B5525E1E94200527643;
			remoteInfo = SwiftUIPdf;
		};
/* End PBXContainerItemProxy section */

/* Begin PBXFileReference section */
		105B0B5625E1E94200527643 /* SwiftUIPdf.app */ = {isa = PBXFileReference; explicitFileType = wrapper.application; includeInIndex = 0; path = SwiftUIPdf.app; sourceTree = BUILT_PRODUCTS_DIR; };
		105B0B5925E1E94200527643 /* SwiftUIPdfApp.swift */ = {isa = PBXFileReference; lastKnownFileType = sourcecode.swift; path = SwiftUIPdfApp.swift; sourceTree = "<group>"; };
		105B0B5B25E1E94200527643 /* ContentView.swift */ = {isa = PBXFileReference; lastKnownFileType = sourcecode.swift; path = ContentView.swift; sourceTree = "<group>"; };
		105B0B5D25E1E94200527643 /* Assets.xcassets */ = {isa = PBXFileReference; lastKnownFileType = folder.assetcatalog; path = Assets.xcassets; sourceTree = "<group>"; };
		105B0B6025E1E94200527643 /* Preview Assets.xcassets */ = {isa = PBXFileReference; lastKnownFileType = folder.assetcatalog; path = "Preview Assets.xcassets"; sourceTree = "<group>"; };
		105B0B6225E1E94200527643 /* Info.plist */ = {isa = PBXFileReference; lastKnownFileType = text.plist.xml; path = Info.plist; sourceTree = "<group>"; };
		105B0B6725E1E94200527643 /* SwiftUIPdfTests.xctest */ = {isa = PBXFileReference; explicitFileType = wrapper.cfbundle; includeInIndex = 0; path = SwiftUIPdfTests.xctest; sourceTree = BUILT_PRODUCTS_DIR; };
		105B0B6B25E1E94200527643 /* SwiftUIPdfTests.swift */ = {isa = PBXFileReference; lastKnownFileType = sourcecode.swift; path = SwiftUIPdfTests.swift; sourceTree = "<group>"; };
		105B0B6D25E1E94200527643 /* Info.plist */ = {isa = PBXFileReference; lastKnownFileType = text.plist.xml; path = Info.plist; sourceTree = "<group>"; };
		105B0B7225E1E94200527643 /* SwiftUIPdfUITests.xctest */ = {isa = PBXFileReference; explicitFileType = wrapper.cfbundle; includeInIndex = 0; path = SwiftUIPdfUITests.xctest; sourceTree = BUILT_PRODUCTS_DIR; };
		105B0B7625E1E94200527643 /* SwiftUIPdfUITests.swift */ = {isa = PBXFileReference; lastKnownFileType = sourcecode.swift; path = SwiftUIPdfUITests.swift; sourceTree = "<group>"; };
		105B0B7825E1E94200527643 /* Info.plist */ = {isa = PBXFileReference; lastKnownFileType = text.plist.xml; path = Info.plist; sourceTree = "<group>"; };
		105B0B8825E1E9AD00527643 /* Content.swift */ = {isa = PBXFileReference; lastKnownFileType = sourcecode.swift; path = Content.swift; sourceTree = "<group>"; };
		105B0B9125E1EC2F00527643 /* PdfCreator.swift */ = {isa = PBXFileReference; lastKnownFileType = sourcecode.swift; path = PdfCreator.swift; sourceTree = "<group>"; };
		105B0B9725E1F2B600527643 /* PdfViewUI.swift */ = {isa = PBXFileReference; lastKnownFileType = sourcecode.swift; path = PdfViewUI.swift; sourceTree = "<group>"; };
		105B0BA225E1F48A00527643 /* PdfPreviewView.swift */ = {isa = PBXFileReference; lastKnownFileType = sourcecode.swift; path = PdfPreviewView.swift; sourceTree = "<group>"; };
		105B0BAA25E1FC2700527643 /* ContentViewModel.swift */ = {isa = PBXFileReference; lastKnownFileType = sourcecode.swift; path = ContentViewModel.swift; sourceTree = "<group>"; };
		105B0BB725E23E4A00527643 /* ShareView.swift */ = {isa = PBXFileReference; lastKnownFileType = sourcecode.swift; path = ShareView.swift; sourceTree = "<group>"; };
		105B0BBF25E2454B00527643 /* Extensions.swift */ = {isa = PBXFileReference; lastKnownFileType = sourcecode.swift; path = Extensions.swift; sourceTree = "<group>"; };
		105B0BC525E4AA3500527643 /* ViewController.swift */ = {isa = PBXFileReference; lastKnownFileType = sourcecode.swift; path = ViewController.swift; sourceTree = "<group>"; };
		105B0BCA25E4AC0000527643 /* ViewControllerSwiftUIView.swift */ = {isa = PBXFileReference; lastKnownFileType = sourcecode.swift; path = ViewControllerSwiftUIView.swift; sourceTree = "<group>"; };
		105B0BCF25E4AC7D00527643 /* MenuView.swift */ = {isa = PBXFileReference; lastKnownFileType = sourcecode.swift; path = MenuView.swift; sourceTree = "<group>"; };
		105B0BD425E87B5E00527643 /* WebView.swift */ = {isa = PBXFileReference; fileEncoding = 4; lastKnownFileType = sourcecode.swift; path = WebView.swift; sourceTree = "<group>"; };
/* End PBXFileReference section */

/* Begin PBXFrameworksBuildPhase section */
		105B0B5325E1E94200527643 /* Frameworks */ = {
			isa = PBXFrameworksBuildPhase;
			buildActionMask = 2147483647;
			files = (
			);
			runOnlyForDeploymentPostprocessing = 0;
		};
		105B0B6425E1E94200527643 /* Frameworks */ = {
			isa = PBXFrameworksBuildPhase;
			buildActionMask = 2147483647;
			files = (
			);
			runOnlyForDeploymentPostprocessing = 0;
		};
		105B0B6F25E1E94200527643 /* Frameworks */ = {
			isa = PBXFrameworksBuildPhase;
			buildActionMask = 2147483647;
			files = (
			);
			runOnlyForDeploymentPostprocessing = 0;
		};
/* End PBXFrameworksBuildPhase section */

/* Begin PBXGroup section */
		105B0B4D25E1E94200527643 = {
			isa = PBXGroup;
			children = (
				105B0B5825E1E94200527643 /* SwiftUIPdf */,
				105B0B6A25E1E94200527643 /* SwiftUIPdfTests */,
				105B0B7525E1E94200527643 /* SwiftUIPdfUITests */,
				105B0B5725E1E94200527643 /* Products */,
			);
			sourceTree = "<group>";
		};
		105B0B5725E1E94200527643 /* Products */ = {
			isa = PBXGroup;
			children = (
				105B0B5625E1E94200527643 /* SwiftUIPdf.app */,
				105B0B6725E1E94200527643 /* SwiftUIPdfTests.xctest */,
				105B0B7225E1E94200527643 /* SwiftUIPdfUITests.xctest */,
			);
			name = Products;
			sourceTree = "<group>";
		};
		105B0B5825E1E94200527643 /* SwiftUIPdf */ = {
			isa = PBXGroup;
			children = (
				105B0BDC25E9DECD00527643 /* Utilities */,
				105B0BC425E4AA2500527643 /* ViewControllers */,
				105B0B9625E1F2A700527643 /* Views */,
				105B0B9025E1EC2200527643 /* ViewModels */,
				105B0B8725E1E99F00527643 /* Models */,
				105B0B5925E1E94200527643 /* SwiftUIPdfApp.swift */,
				105B0B5D25E1E94200527643 /* Assets.xcassets */,
				105B0B6225E1E94200527643 /* Info.plist */,
				105B0B5F25E1E94200527643 /* Preview Content */,
			);
			path = SwiftUIPdf;
			sourceTree = "<group>";
		};
		105B0B5F25E1E94200527643 /* Preview Content */ = {
			isa = PBXGroup;
			children = (
				105B0B6025E1E94200527643 /* Preview Assets.xcassets */,
			);
			path = "Preview Content";
			sourceTree = "<group>";
		};
		105B0B6A25E1E94200527643 /* SwiftUIPdfTests */ = {
			isa = PBXGroup;
			children = (
				105B0B6B25E1E94200527643 /* SwiftUIPdfTests.swift */,
				105B0B6D25E1E94200527643 /* Info.plist */,
			);
			path = SwiftUIPdfTests;
			sourceTree = "<group>";
		};
		105B0B7525E1E94200527643 /* SwiftUIPdfUITests */ = {
			isa = PBXGroup;
			children = (
				105B0B7625E1E94200527643 /* SwiftUIPdfUITests.swift */,
				105B0B7825E1E94200527643 /* Info.plist */,
			);
			path = SwiftUIPdfUITests;
			sourceTree = "<group>";
		};
		105B0B8725E1E99F00527643 /* Models */ = {
			isa = PBXGroup;
			children = (
				105B0B8825E1E9AD00527643 /* Content.swift */,
			);
			path = Models;
			sourceTree = "<group>";
		};
		105B0B9025E1EC2200527643 /* ViewModels */ = {
			isa = PBXGroup;
			children = (
				105B0BAA25E1FC2700527643 /* ContentViewModel.swift */,
			);
			path = ViewModels;
			sourceTree = "<group>";
		};
		105B0B9625E1F2A700527643 /* Views */ = {
			isa = PBXGroup;
			children = (
				105B0B5B25E1E94200527643 /* ContentView.swift */,
				105B0BA225E1F48A00527643 /* PdfPreviewView.swift */,
				105B0B9725E1F2B600527643 /* PdfViewUI.swift */,
				105B0BB725E23E4A00527643 /* ShareView.swift */,
				105B0BCA25E4AC0000527643 /* ViewControllerSwiftUIView.swift */,
				105B0BCF25E4AC7D00527643 /* MenuView.swift */,
				105B0BD425E87B5E00527643 /* WebView.swift */,
			);
			path = Views;
			sourceTree = "<group>";
		};
		105B0BC425E4AA2500527643 /* ViewControllers */ = {
			isa = PBXGroup;
			children = (
				105B0BC525E4AA3500527643 /* ViewController.swift */,
			);
			path = ViewControllers;
			sourceTree = "<group>";
		};
		105B0BDC25E9DECD00527643 /* Utilities */ = {
			isa = PBXGroup;
			children = (
				105B0BBF25E2454B00527643 /* Extensions.swift */,
				105B0B9125E1EC2F00527643 /* PdfCreator.swift */,
			);
			path = Utilities;
			sourceTree = "<group>";
		};
/* End PBXGroup section */

/* Begin PBXNativeTarget section */
		105B0B5525E1E94200527643 /* SwiftUIPdf */ = {
			isa = PBXNativeTarget;
			buildConfigurationList = 105B0B7B25E1E94200527643 /* Build configuration list for PBXNativeTarget "SwiftUIPdf" */;
			buildPhases = (
				105B0B5225E1E94200527643 /* Sources */,
				105B0B5325E1E94200527643 /* Frameworks */,
				105B0B5425E1E94200527643 /* Resources */,
			);
			buildRules = (
			);
			dependencies = (
			);
			name = SwiftUIPdf;
			productName = SwiftUIPdf;
			productReference = 105B0B5625E1E94200527643 /* SwiftUIPdf.app */;
			productType = "com.apple.product-type.application";
		};
		105B0B6625E1E94200527643 /* SwiftUIPdfTests */ = {
			isa = PBXNativeTarget;
			buildConfigurationList = 105B0B7E25E1E94200527643 /* Build configuration list for PBXNativeTarget "SwiftUIPdfTests" */;
			buildPhases = (
				105B0B6325E1E94200527643 /* Sources */,
				105B0B6425E1E94200527643 /* Frameworks */,
				105B0B6525E1E94200527643 /* Resources */,
			);
			buildRules = (
			);
			dependencies = (
				105B0B6925E1E94200527643 /* PBXTargetDependency */,
			);
			name = SwiftUIPdfTests;
			productName = SwiftUIPdfTests;
			productReference = 105B0B6725E1E94200527643 /* SwiftUIPdfTests.xctest */;
			productType = "com.apple.product-type.bundle.unit-test";
		};
		105B0B7125E1E94200527643 /* SwiftUIPdfUITests */ = {
			isa = PBXNativeTarget;
			buildConfigurationList = 105B0B8125E1E94200527643 /* Build configuration list for PBXNativeTarget "SwiftUIPdfUITests" */;
			buildPhases = (
				105B0B6E25E1E94200527643 /* Sources */,
				105B0B6F25E1E94200527643 /* Frameworks */,
				105B0B7025E1E94200527643 /* Resources */,
			);
			buildRules = (
			);
			dependencies = (
				105B0B7425E1E94200527643 /* PBXTargetDependency */,
			);
			name = SwiftUIPdfUITests;
			productName = SwiftUIPdfUITests;
			productReference = 105B0B7225E1E94200527643 /* SwiftUIPdfUITests.xctest */;
			productType = "com.apple.product-type.bundle.ui-testing";
		};
/* End PBXNativeTarget section */

/* Begin PBXProject section */
		105B0B4E25E1E94200527643 /* Project object */ = {
			isa = PBXProject;
			attributes = {
				LastSwiftUpdateCheck = 1240;
				LastUpgradeCheck = 1240;
				TargetAttributes = {
					105B0B5525E1E94200527643 = {
						CreatedOnToolsVersion = 12.4;
					};
					105B0B6625E1E94200527643 = {
						CreatedOnToolsVersion = 12.4;
						TestTargetID = 105B0B5525E1E94200527643;
					};
					105B0B7125E1E94200527643 = {
						CreatedOnToolsVersion = 12.4;
						TestTargetID = 105B0B5525E1E94200527643;
					};
				};
			};
			buildConfigurationList = 105B0B5125E1E94200527643 /* Build configuration list for PBXProject "SwiftUIPdf" */;
			compatibilityVersion = "Xcode 9.3";
			developmentRegion = en;
			hasScannedForEncodings = 0;
			knownRegions = (
				en,
				Base,
			);
			mainGroup = 105B0B4D25E1E94200527643;
			productRefGroup = 105B0B5725E1E94200527643 /* Products */;
			projectDirPath = "";
			projectRoot = "";
			targets = (
				105B0B5525E1E94200527643 /* SwiftUIPdf */,
				105B0B6625E1E94200527643 /* SwiftUIPdfTests */,
				105B0B7125E1E94200527643 /* SwiftUIPdfUITests */,
			);
		};
/* End PBXProject section */

/* Begin PBXResourcesBuildPhase section */
		105B0B5425E1E94200527643 /* Resources */ = {
			isa = PBXResourcesBuildPhase;
			buildActionMask = 2147483647;
			files = (
				105B0B6125E1E94200527643 /* Preview Assets.xcassets in Resources */,
				105B0B5E25E1E94200527643 /* Assets.xcassets in Resources */,
			);
			runOnlyForDeploymentPostprocessing = 0;
		};
		105B0B6525E1E94200527643 /* Resources */ = {
			isa = PBXResourcesBuildPhase;
			buildActionMask = 2147483647;
			files = (
			);
			runOnlyForDeploymentPostprocessing = 0;
		};
		105B0B7025E1E94200527643 /* Resources */ = {
			isa = PBXResourcesBuildPhase;
			buildActionMask = 2147483647;
			files = (
			);
			runOnlyForDeploymentPostprocessing = 0;
		};
/* End PBXResourcesBuildPhase section */

/* Begin PBXSourcesBuildPhase section */
		105B0B5225E1E94200527643 /* Sources */ = {
			isa = PBXSourcesBuildPhase;
			buildActionMask = 2147483647;
			files = (
				105B0BC625E4AA3500527643 /* ViewController.swift in Sources */,
				105B0BD025E4AC7D00527643 /* MenuView.swift in Sources */,
				105B0BD525E87B5E00527643 /* WebView.swift in Sources */,
				105B0B5C25E1E94200527643 /* ContentView.swift in Sources */,
				105B0BC025E2454B00527643 /* Extensions.swift in Sources */,
				105B0B9825E1F2B600527643 /* PdfViewUI.swift in Sources */,
				105B0BCB25E4AC0000527643 /* ViewControllerSwiftUIView.swift in Sources */,
				105B0BA325E1F48A00527643 /* PdfPreviewView.swift in Sources */,
				105B0BAB25E1FC2700527643 /* ContentViewModel.swift in Sources */,
				105B0B9225E1EC2F00527643 /* PdfCreator.swift in Sources */,
				105B0BB825E23E4A00527643 /* ShareView.swift in Sources */,
				105B0B5A25E1E94200527643 /* SwiftUIPdfApp.swift in Sources */,
				105B0B8925E1E9AD00527643 /* Content.swift in Sources */,
			);
			runOnlyForDeploymentPostprocessing = 0;
		};
		105B0B6325E1E94200527643 /* Sources */ = {
			isa = PBXSourcesBuildPhase;
			buildActionMask = 2147483647;
			files = (
				105B0B6C25E1E94200527643 /* SwiftUIPdfTests.swift in Sources */,
			);
			runOnlyForDeploymentPostprocessing = 0;
		};
		105B0B6E25E1E94200527643 /* Sources */ = {
			isa = PBXSourcesBuildPhase;
			buildActionMask = 2147483647;
			files = (
				105B0B7725E1E94200527643 /* SwiftUIPdfUITests.swift in Sources */,
			);
			runOnlyForDeploymentPostprocessing = 0;
		};
/* End PBXSourcesBuildPhase section */

/* Begin PBXTargetDependency section */
		105B0B6925E1E94200527643 /* PBXTargetDependency */ = {
			isa = PBXTargetDependency;
			target = 105B0B5525E1E94200527643 /* SwiftUIPdf */;
			targetProxy = 105B0B6825E1E94200527643 /* PBXContainerItemProxy */;
		};
		105B0B7425E1E94200527643 /* PBXTargetDependency */ = {
			isa = PBXTargetDependency;
			target = 105B0B5525E1E94200527643 /* SwiftUIPdf */;
			targetProxy = 105B0B7325E1E94200527643 /* PBXContainerItemProxy */;
		};
/* End PBXTargetDependency section */

/* Begin XCBuildConfiguration section */
		105B0B7925E1E94200527643 /* Debug */ = {
			isa = XCBuildConfiguration;
			buildSettings = {
				ALWAYS_SEARCH_USER_PATHS = NO;
				CLANG_ANALYZER_NONNULL = YES;
				CLANG_ANALYZER_NUMBER_OBJECT_CONVERSION = YES_AGGRESSIVE;
				CLANG_CXX_LANGUAGE_STANDARD = "gnu++14";
				CLANG_CXX_LIBRARY = "libc++";
				CLANG_ENABLE_MODULES = YES;
				CLANG_ENABLE_OBJC_ARC = YES;
				CLANG_ENABLE_OBJC_WEAK = YES;
				CLANG_WARN_BLOCK_CAPTURE_AUTORELEASING = YES;
				CLANG_WARN_BOOL_CONVERSION = YES;
				CLANG_WARN_COMMA = YES;
				CLANG_WARN_CONSTANT_CONVERSION = YES;
				CLANG_WARN_DEPRECATED_OBJC_IMPLEMENTATIONS = YES;
				CLANG_WARN_DIRECT_OBJC_ISA_USAGE = YES_ERROR;
				CLANG_WARN_DOCUMENTATION_COMMENTS = YES;
				CLANG_WARN_EMPTY_BODY = YES;
				CLANG_WARN_ENUM_CONVERSION = YES;
				CLANG_WARN_INFINITE_RECURSION = YES;
				CLANG_WARN_INT_CONVERSION = YES;
				CLANG_WARN_NON_LITERAL_NULL_CONVERSION = YES;
				CLANG_WARN_OBJC_IMPLICIT_RETAIN_SELF = YES;
				CLANG_WARN_OBJC_LITERAL_CONVERSION = YES;
				CLANG_WARN_OBJC_ROOT_CLASS = YES_ERROR;
				CLANG_WARN_QUOTED_INCLUDE_IN_FRAMEWORK_HEADER = YES;
				CLANG_WARN_RANGE_LOOP_ANALYSIS = YES;
				CLANG_WARN_STRICT_PROTOTYPES = YES;
				CLANG_WARN_SUSPICIOUS_MOVE = YES;
				CLANG_WARN_UNGUARDED_AVAILABILITY = YES_AGGRESSIVE;
				CLANG_WARN_UNREACHABLE_CODE = YES;
				CLANG_WARN__DUPLICATE_METHOD_MATCH = YES;
				COPY_PHASE_STRIP = NO;
				DEBUG_INFORMATION_FORMAT = dwarf;
				ENABLE_STRICT_OBJC_MSGSEND = YES;
				ENABLE_TESTABILITY = YES;
				GCC_C_LANGUAGE_STANDARD = gnu11;
				GCC_DYNAMIC_NO_PIC = NO;
				GCC_NO_COMMON_BLOCKS = YES;
				GCC_OPTIMIZATION_LEVEL = 0;
				GCC_PREPROCESSOR_DEFINITIONS = (
					"DEBUG=1",
					"$(inherited)",
				);
				GCC_WARN_64_TO_32_BIT_CONVERSION = YES;
				GCC_WARN_ABOUT_RETURN_TYPE = YES_ERROR;
				GCC_WARN_UNDECLARED_SELECTOR = YES;
				GCC_WARN_UNINITIALIZED_AUTOS = YES_AGGRESSIVE;
				GCC_WARN_UNUSED_FUNCTION = YES;
				GCC_WARN_UNUSED_VARIABLE = YES;
				IPHONEOS_DEPLOYMENT_TARGET = 14.4;
				MTL_ENABLE_DEBUG_INFO = INCLUDE_SOURCE;
				MTL_FAST_MATH = YES;
				ONLY_ACTIVE_ARCH = YES;
				SDKROOT = iphoneos;
				SWIFT_ACTIVE_COMPILATION_CONDITIONS = DEBUG;
				SWIFT_OPTIMIZATION_LEVEL = "-Onone";
			};
			name = Debug;
		};
		105B0B7A25E1E94200527643 /* Release */ = {
			isa = XCBuildConfiguration;
			buildSettings = {
				ALWAYS_SEARCH_USER_PATHS = NO;
				CLANG_ANALYZER_NONNULL = YES;
				CLANG_ANALYZER_NUMBER_OBJECT_CONVERSION = YES_AGGRESSIVE;
				CLANG_CXX_LANGUAGE_STANDARD = "gnu++14";
				CLANG_CXX_LIBRARY = "libc++";
				CLANG_ENABLE_MODULES = YES;
				CLANG_ENABLE_OBJC_ARC = YES;
				CLANG_ENABLE_OBJC_WEAK = YES;
				CLANG_WARN_BLOCK_CAPTURE_AUTORELEASING = YES;
				CLANG_WARN_BOOL_CONVERSION = YES;
				CLANG_WARN_COMMA = YES;
				CLANG_WARN_CONSTANT_CONVERSION = YES;
				CLANG_WARN_DEPRECATED_OBJC_IMPLEMENTATIONS = YES;
				CLANG_WARN_DIRECT_OBJC_ISA_USAGE = YES_ERROR;
				CLANG_WARN_DOCUMENTATION_COMMENTS = YES;
				CLANG_WARN_EMPTY_BODY = YES;
				CLANG_WARN_ENUM_CONVERSION = YES;
				CLANG_WARN_INFINITE_RECURSION = YES;
				CLANG_WARN_INT_CONVERSION = YES;
				CLANG_WARN_NON_LITERAL_NULL_CONVERSION = YES;
				CLANG_WARN_OBJC_IMPLICIT_RETAIN_SELF = YES;
				CLANG_WARN_OBJC_LITERAL_CONVERSION = YES;
				CLANG_WARN_OBJC_ROOT_CLASS = YES_ERROR;
				CLANG_WARN_QUOTED_INCLUDE_IN_FRAMEWORK_HEADER = YES;
				CLANG_WARN_RANGE_LOOP_ANALYSIS = YES;
				CLANG_WARN_STRICT_PROTOTYPES = YES;
				CLANG_WARN_SUSPICIOUS_MOVE = YES;
				CLANG_WARN_UNGUARDED_AVAILABILITY = YES_AGGRESSIVE;
				CLANG_WARN_UNREACHABLE_CODE = YES;
				CLANG_WARN__DUPLICATE_METHOD_MATCH = YES;
				COPY_PHASE_STRIP = NO;
				DEBUG_INFORMATION_FORMAT = "dwarf-with-dsym";
				ENABLE_NS_ASSERTIONS = NO;
				ENABLE_STRICT_OBJC_MSGSEND = YES;
				GCC_C_LANGUAGE_STANDARD = gnu11;
				GCC_NO_COMMON_BLOCKS = YES;
				GCC_WARN_64_TO_32_BIT_CONVERSION = YES;
				GCC_WARN_ABOUT_RETURN_TYPE = YES_ERROR;
				GCC_WARN_UNDECLARED_SELECTOR = YES;
				GCC_WARN_UNINITIALIZED_AUTOS = YES_AGGRESSIVE;
				GCC_WARN_UNUSED_FUNCTION = YES;
				GCC_WARN_UNUSED_VARIABLE = YES;
				IPHONEOS_DEPLOYMENT_TARGET = 14.4;
				MTL_ENABLE_DEBUG_INFO = NO;
				MTL_FAST_MATH = YES;
				SDKROOT = iphoneos;
				SWIFT_COMPILATION_MODE = wholemodule;
				SWIFT_OPTIMIZATION_LEVEL = "-O";
				VALIDATE_PRODUCT = YES;
			};
			name = Release;
		};
		105B0B7C25E1E94200527643 /* Debug */ = {
			isa = XCBuildConfiguration;
			buildSettings = {
				ASSETCATALOG_COMPILER_APPICON_NAME = AppIcon;
				ASSETCATALOG_COMPILER_GLOBAL_ACCENT_COLOR_NAME = AccentColor;
				CODE_SIGN_STYLE = Automatic;
				DEVELOPMENT_ASSET_PATHS = "\"SwiftUIPdf/Preview Content\"";
				DEVELOPMENT_TEAM = 69FAF79796;
				ENABLE_PREVIEWS = YES;
				INFOPLIST_FILE = SwiftUIPdf/Info.plist;
				IPHONEOS_DEPLOYMENT_TARGET = 14.0;
				LD_RUNPATH_SEARCH_PATHS = (
					"$(inherited)",
					"@executable_path/Frameworks",
				);
				PRODUCT_BUNDLE_IDENTIFIER = com.techchee.swiftui.tut.SwiftUIPdf;
				PRODUCT_NAME = "$(TARGET_NAME)";
				SWIFT_VERSION = 5.0;
				TARGETED_DEVICE_FAMILY = "1,2";
			};
			name = Debug;
		};
		105B0B7D25E1E94200527643 /* Release */ = {
			isa = XCBuildConfiguration;
			buildSettings = {
				ASSETCATALOG_COMPILER_APPICON_NAME = AppIcon;
				ASSETCATALOG_COMPILER_GLOBAL_ACCENT_COLOR_NAME = AccentColor;
				CODE_SIGN_STYLE = Automatic;
				DEVELOPMENT_ASSET_PATHS = "\"SwiftUIPdf/Preview Content\"";
				DEVELOPMENT_TEAM = 69FAF79796;
				ENABLE_PREVIEWS = YES;
				INFOPLIST_FILE = SwiftUIPdf/Info.plist;
				IPHONEOS_DEPLOYMENT_TARGET = 14.0;
				LD_RUNPATH_SEARCH_PATHS = (
					"$(inherited)",
					"@executable_path/Frameworks",
				);
				PRODUCT_BUNDLE_IDENTIFIER = com.techchee.swiftui.tut.SwiftUIPdf;
				PRODUCT_NAME = "$(TARGET_NAME)";
				SWIFT_VERSION = 5.0;
				TARGETED_DEVICE_FAMILY = "1,2";
			};
			name = Release;
		};
		105B0B7F25E1E94200527643 /* Debug */ = {
			isa = XCBuildConfiguration;
			buildSettings = {
				ALWAYS_EMBED_SWIFT_STANDARD_LIBRARIES = YES;
				BUNDLE_LOADER = "$(TEST_HOST)";
				CODE_SIGN_STYLE = Automatic;
				DEVELOPMENT_TEAM = 69FAF79796;
				INFOPLIST_FILE = SwiftUIPdfTests/Info.plist;
				IPHONEOS_DEPLOYMENT_TARGET = 14.0;
				LD_RUNPATH_SEARCH_PATHS = (
					"$(inherited)",
					"@executable_path/Frameworks",
					"@loader_path/Frameworks",
				);
				PRODUCT_BUNDLE_IDENTIFIER = com.techchee.swiftui.tut.SwiftUIPdfTests;
				PRODUCT_NAME = "$(TARGET_NAME)";
				SWIFT_VERSION = 5.0;
				TARGETED_DEVICE_FAMILY = "1,2";
				TEST_HOST = "$(BUILT_PRODUCTS_DIR)/SwiftUIPdf.app/SwiftUIPdf";
			};
			name = Debug;
		};
		105B0B8025E1E94200527643 /* Release */ = {
			isa = XCBuildConfiguration;
			buildSettings = {
				ALWAYS_EMBED_SWIFT_STANDARD_LIBRARIES = YES;
				BUNDLE_LOADER = "$(TEST_HOST)";
				CODE_SIGN_STYLE = Automatic;
				DEVELOPMENT_TEAM = 69FAF79796;
				INFOPLIST_FILE = SwiftUIPdfTests/Info.plist;
				IPHONEOS_DEPLOYMENT_TARGET = 14.0;
				LD_RUNPATH_SEARCH_PATHS = (
					"$(inherited)",
					"@executable_path/Frameworks",
					"@loader_path/Frameworks",
				);
				PRODUCT_BUNDLE_IDENTIFIER = com.techchee.swiftui.tut.SwiftUIPdfTests;
				PRODUCT_NAME = "$(TARGET_NAME)";
				SWIFT_VERSION = 5.0;
				TARGETED_DEVICE_FAMILY = "1,2";
				TEST_HOST = "$(BUILT_PRODUCTS_DIR)/SwiftUIPdf.app/SwiftUIPdf";
			};
			name = Release;
		};
		105B0B8225E1E94200527643 /* Debug */ = {
			isa = XCBuildConfiguration;
			buildSettings = {
				ALWAYS_EMBED_SWIFT_STANDARD_LIBRARIES = YES;
				CODE_SIGN_STYLE = Automatic;
				DEVELOPMENT_TEAM = 69FAF79796;
				INFOPLIST_FILE = SwiftUIPdfUITests/Info.plist;
				LD_RUNPATH_SEARCH_PATHS = (
					"$(inherited)",
					"@executable_path/Frameworks",
					"@loader_path/Frameworks",
				);
				PRODUCT_BUNDLE_IDENTIFIER = com.techchee.swiftui.tut.SwiftUIPdfUITests;
				PRODUCT_NAME = "$(TARGET_NAME)";
				SWIFT_VERSION = 5.0;
				TARGETED_DEVICE_FAMILY = "1,2";
				TEST_TARGET_NAME = SwiftUIPdf;
			};
			name = Debug;
		};
		105B0B8325E1E94200527643 /* Release */ = {
			isa = XCBuildConfiguration;
			buildSettings = {
				ALWAYS_EMBED_SWIFT_STANDARD_LIBRARIES = YES;
				CODE_SIGN_STYLE = Automatic;
				DEVELOPMENT_TEAM = 69FAF79796;
				INFOPLIST_FILE = SwiftUIPdfUITests/Info.plist;
				LD_RUNPATH_SEARCH_PATHS = (
					"$(inherited)",
					"@executable_path/Frameworks",
					"@loader_path/Frameworks",
				);
				PRODUCT_BUNDLE_IDENTIFIER = com.techchee.swiftui.tut.SwiftUIPdfUITests;
				PRODUCT_NAME = "$(TARGET_NAME)";
				SWIFT_VERSION = 5.0;
				TARGETED_DEVICE_FAMILY = "1,2";
				TEST_TARGET_NAME = SwiftUIPdf;
			};
			name = Release;
		};
/* End XCBuildConfiguration section */

/* Begin XCConfigurationList section */
		105B0B5125E1E94200527643 /* Build configuration list for PBXProject "SwiftUIPdf" */ = {
			isa = XCConfigurationList;
			buildConfigurations = (
				105B0B7925E1E94200527643 /* Debug */,
				105B0B7A25E1E94200527643 /* Release */,
			);
			defaultConfigurationIsVisible = 0;
			defaultConfigurationName = Release;
		};
		105B0B7B25E1E94200527643 /* Build configuration list for PBXNativeTarget "SwiftUIPdf" */ = {
			isa = XCConfigurationList;
			buildConfigurations = (
				105B0B7C25E1E94200527643 /* Debug */,
				105B0B7D25E1E94200527643 /* Release */,
			);
			defaultConfigurationIsVisible = 0;
			defaultConfigurationName = Release;
		};
		105B0B7E25E1E94200527643 /* Build configuration list for PBXNativeTarget "SwiftUIPdfTests" */ = {
			isa = XCConfigurationList;
			buildConfigurations = (
				105B0B7F25E1E94200527643 /* Debug */,
				105B0B8025E1E94200527643 /* Release */,
			);
			defaultConfigurationIsVisible = 0;
			defaultConfigurationName = Release;
		};
		105B0B8125E1E94200527643 /* Build configuration list for PBXNativeTarget "SwiftUIPdfUITests" */ = {
			isa = XCConfigurationList;
			buildConfigurations = (
				105B0B8225E1E94200527643 /* Debug */,
				105B0B8325E1E94200527643 /* Release */,
			);
			defaultConfigurationIsVisible = 0;
			defaultConfigurationName = Release;
		};
/* End XCConfigurationList section */
	};
	rootObject = 105B0B4E25E1E94200527643 /* Project object */;
}
